
Microsoft Visual Studio Solution File, Format Version 12.00
# Visual Studio Version 16
VisualStudioVersion = 16.0.28803.156
MinimumVisualStudioVersion = 10.0.40219.1
Project("{9A19103F-16F7-4668-BE54-9A1E7A4F7556}") = "package_launcher", "package_launcher\package_launcher.csproj", "{F536DAF9-510F-451F-9C62-F2BE676E7338}"
EndProject
Project("{FAE04EC0-301F-11D3-BF4B-00C04F79EFBC}") = "package_launcher_net", "package_launcher_net\package_launcher_net.csproj", "{DC11A664-9784-4F15-B857-D512ED4E3A19}"
EndProject
Global
	GlobalSection(SolutionConfigurationPlatforms) = preSolution
		Debug|Any CPU = Debug|Any CPU
		Release|Any CPU = Release|Any CPU
	EndGlobalSection
	GlobalSection(ProjectConfigurationPlatforms) = postSolution
		{F536DAF9-510F-451F-9C62-F2BE676E7338}.Debug|Any CPU.ActiveCfg = Debug|Any CPU
		{F536DAF9-510F-451F-9C62-F2BE676E7338}.Debug|Any CPU.Build.0 = Debug|Any CPU
		{F536DAF9-510F-451F-9C62-F2BE676E7338}.Release|Any CPU.ActiveCfg = Release|Any CPU
		{F536DAF9-510F-451F-9C62-F2BE676E7338}.Release|Any CPU.Build.0 = Release|Any CPU
		{DC11A664-9784-4F15-B857-D512ED4E3A19}.Debug|Any CPU.ActiveCfg = Debug|Any CPU
		{DC11A664-9784-4F15-B857-D512ED4E3A19}.Debug|Any CPU.Build.0 = Debug|Any CPU
		{DC11A664-9784-4F15-B857-D512ED4E3A19}.Release|Any CPU.ActiveCfg = Release|Any CPU
		{DC11A664-9784-4F15-B857-D512ED4E3A19}.Release|Any CPU.Build.0 = Release|Any CPU
	EndGlobalSection
	GlobalSection(SolutionProperties) = preSolution
		HideSolutionNode = FALSE
	EndGlobalSection
	GlobalSection(ExtensibilityGlobals) = postSolution
		SolutionGuid = {BF00FE6E-5A33-425A-8CF9-0992279520FC}
	EndGlobalSection
EndGlobal
